
Microsoft Visual Studio Solution File, Format Version 12.00
# Visual Studio Version 17
VisualStudioVersion = 17.10.35027.167
MinimumVisualStudioVersion = 10.0.40219.1
Project("{FAE04EC0-301F-11D3-BF4B-00C04F79EFBC}") = "BlazorSignalRApp", "BlazorSignalRApp\BlazorSignalRApp.csproj", "{7490999D-FAEA-40AB-A148-C6E1A45A6D09}"
EndProject
Project("{FAE04EC0-301F-11D3-BF4B-00C04F79EFBC}") = "BlazorSignalRApp.Client", "BlazorSignalRApp.Client\BlazorSignalRApp.Client.csproj", "{92205D95-F2B7-4586-95A1-AF5A7FBBF41A}"
EndProject
Global
	GlobalSection(SolutionConfigurationPlatforms) = preSolution
		Debug|Any CPU = Debug|Any CPU
		Release|Any CPU = Release|Any CPU
	EndGlobalSection
	GlobalSection(ProjectConfigurationPlatforms) = postSolution
		{7490999D-FAEA-40AB-A148-C6E1A45A6D09}.Debug|Any CPU.ActiveCfg = Debug|Any CPU
		{7490999D-FAEA-40AB-A148-C6E1A45A6D09}.Debug|Any CPU.Build.0 = Debug|Any CPU
		{7490999D-FAEA-40AB-A148-C6E1A45A6D09}.Release|Any CPU.ActiveCfg = Release|Any CPU
		{7490999D-FAEA-40AB-A148-C6E1A45A6D09}.Release|Any CPU.Build.0 = Release|Any CPU
		{92205D95-F2B7-4586-95A1-AF5A7FBBF41A}.Debug|Any CPU.ActiveCfg = Debug|Any CPU
		{92205D95-F2B7-4586-95A1-AF5A7FBBF41A}.Debug|Any CPU.Build.0 = Debug|Any CPU
		{92205D95-F2B7-4586-95A1-AF5A7FBBF41A}.Release|Any CPU.ActiveCfg = Release|Any CPU
		{92205D95-F2B7-4586-95A1-AF5A7FBBF41A}.Release|Any CPU.Build.0 = Release|Any CPU
	EndGlobalSection
	GlobalSection(SolutionProperties) = preSolution
		HideSolutionNode = FALSE
	EndGlobalSection
	GlobalSection(ExtensibilityGlobals) = postSolution
		SolutionGuid = {AECF4689-296A-45A6-883E-7126BCCE00F3}
	EndGlobalSection
EndGlobal
